{
  "name": "types",
  "version": "1.0.0",
  "lockfileVersion": 1,
  "requires": true,
  "dependencies": {
    "taghiro": {
      "version": "0.3.1",
      "resolved": "https://registry.npmjs.org/taghiro/-/taghiro-0.3.1.tgz",
      "integrity": "sha512-Uby2g8LdS0okN4Tw4CWnOiYMC51928CaAB6uz1qCTd2VqClaSKYlXUaLJvEmh1NAuDZpptj3po62ZESPyYeNkg=="
    },
    "typescript": {
      "version": "3.8.2",
      "resolved": "https://registry.npmjs.org/typescript/-/typescript-3.8.2.tgz",
      "integrity": "sha512-EgOVgL/4xfVrCMbhYKUQTdF37SQn4Iw73H5BgCrF1Abdun7Kwy/QZsE/ssAy0y4LxBbvua3PIbFsbRczWWnDdQ==",
      "dev": true
    }
  }
}
